
Microsoft Visual Studio Solution File, Format Version 12.00
# Visual Studio 2013
VisualStudioVersion = 12.0.31101.0
MinimumVisualStudioVersion = 10.0.40219.1
Project("{FAE04EC0-301F-11D3-BF4B-00C04F79EFBC}") = "Services.Directory.Monitor", "Services.Directory.Monitor\Services.Directory.Monitor.csproj", "{D1609A7F-DBE7-44CC-AB81-F1CED4C77B28}"
EndProject
Project("{FAE04EC0-301F-11D3-BF4B-00C04F79EFBC}") = "Services.Directory.Monitor.Core", "Services.Directory.Monitor.Core\Services.Directory.Monitor.Core.csproj", "{21763FA9-52EE-405E-8C51-BEF6F157AA75}"
EndProject
Project("{FAE04EC0-301F-11D3-BF4B-00C04F79EFBC}") = "Services.Directory.Monitor.Tests", "Services.Directory.Monitor.Tests\Services.Directory.Monitor.Tests.csproj", "{CD47A872-2085-48F7-A15C-8CECCB46FA40}"
EndProject
Global
	GlobalSection(SolutionConfigurationPlatforms) = preSolution
		Debug|Any CPU = Debug|Any CPU
		Release|Any CPU = Release|Any CPU
	EndGlobalSection
	GlobalSection(ProjectConfigurationPlatforms) = postSolution
		{D1609A7F-DBE7-44CC-AB81-F1CED4C77B28}.Debug|Any CPU.ActiveCfg = Debug|Any CPU
		{D1609A7F-DBE7-44CC-AB81-F1CED4C77B28}.Debug|Any CPU.Build.0 = Debug|Any CPU
		{D1609A7F-DBE7-44CC-AB81-F1CED4C77B28}.Release|Any CPU.ActiveCfg = Release|Any CPU
		{D1609A7F-DBE7-44CC-AB81-F1CED4C77B28}.Release|Any CPU.Build.0 = Release|Any CPU
		{21763FA9-52EE-405E-8C51-BEF6F157AA75}.Debug|Any CPU.ActiveCfg = Debug|Any CPU
		{21763FA9-52EE-405E-8C51-BEF6F157AA75}.Debug|Any CPU.Build.0 = Debug|Any CPU
		{21763FA9-52EE-405E-8C51-BEF6F157AA75}.Release|Any CPU.ActiveCfg = Release|Any CPU
		{21763FA9-52EE-405E-8C51-BEF6F157AA75}.Release|Any CPU.Build.0 = Release|Any CPU
		{CD47A872-2085-48F7-A15C-8CECCB46FA40}.Debug|Any CPU.ActiveCfg = Debug|Any CPU
		{CD47A872-2085-48F7-A15C-8CECCB46FA40}.Debug|Any CPU.Build.0 = Debug|Any CPU
		{CD47A872-2085-48F7-A15C-8CECCB46FA40}.Release|Any CPU.ActiveCfg = Release|Any CPU
		{CD47A872-2085-48F7-A15C-8CECCB46FA40}.Release|Any CPU.Build.0 = Release|Any CPU
	EndGlobalSection
	GlobalSection(SolutionProperties) = preSolution
		HideSolutionNode = FALSE
	EndGlobalSection
EndGlobal
